
Microsoft Visual Studio Solution File, Format Version 12.00
# Visual Studio Version 17
VisualStudioVersion = 17.7.34031.279
MinimumVisualStudioVersion = 10.0.40219.1
Project("{9A19103F-16F7-4668-BE54-9A1E7A4F7556}") = "API", "API\API.csproj", "{7E35DE81-F8CE-496E-84B2-7375E54BF577}"
EndProject
Project("{9A19103F-16F7-4668-BE54-9A1E7A4F7556}") = "DAL", "DAL\DAL.csproj", "{D01AB8C7-0605-43C5-A338-8BDEA15774AB}"
EndProject
Project("{FAE04EC0-301F-11D3-BF4B-00C04F79EFBC}") = "BLL", "BLL\BLL.csproj", "{E9CC35C8-82A1-4CD9-8C87-059B332AF6C2}"
EndProject
Global
	GlobalSection(SolutionConfigurationPlatforms) = preSolution
		Debug|Any CPU = Debug|Any CPU
		Release|Any CPU = Release|Any CPU
	EndGlobalSection
	GlobalSection(ProjectConfigurationPlatforms) = postSolution
		{7E35DE81-F8CE-496E-84B2-7375E54BF577}.Debug|Any CPU.ActiveCfg = Debug|Any CPU
		{7E35DE81-F8CE-496E-84B2-7375E54BF577}.Debug|Any CPU.Build.0 = Debug|Any CPU
		{7E35DE81-F8CE-496E-84B2-7375E54BF577}.Release|Any CPU.ActiveCfg = Release|Any CPU
		{7E35DE81-F8CE-496E-84B2-7375E54BF577}.Release|Any CPU.Build.0 = Release|Any CPU
		{D01AB8C7-0605-43C5-A338-8BDEA15774AB}.Debug|Any CPU.ActiveCfg = Debug|Any CPU
		{D01AB8C7-0605-43C5-A338-8BDEA15774AB}.Debug|Any CPU.Build.0 = Debug|Any CPU
		{D01AB8C7-0605-43C5-A338-8BDEA15774AB}.Release|Any CPU.ActiveCfg = Release|Any CPU
		{D01AB8C7-0605-43C5-A338-8BDEA15774AB}.Release|Any CPU.Build.0 = Release|Any CPU
		{E9CC35C8-82A1-4CD9-8C87-059B332AF6C2}.Debug|Any CPU.ActiveCfg = Debug|Any CPU
		{E9CC35C8-82A1-4CD9-8C87-059B332AF6C2}.Debug|Any CPU.Build.0 = Debug|Any CPU
		{E9CC35C8-82A1-4CD9-8C87-059B332AF6C2}.Release|Any CPU.ActiveCfg = Release|Any CPU
		{E9CC35C8-82A1-4CD9-8C87-059B332AF6C2}.Release|Any CPU.Build.0 = Release|Any CPU
	EndGlobalSection
	GlobalSection(SolutionProperties) = preSolution
		HideSolutionNode = FALSE
	EndGlobalSection
	GlobalSection(ExtensibilityGlobals) = postSolution
		SolutionGuid = {8A039A4D-D48B-4A73-86CB-E35388B4F9DA}
	EndGlobalSection
EndGlobal
